
Microsoft Visual Studio Solution File, Format Version 12.00
# Visual Studio Version 17
VisualStudioVersion = 17.3.32929.385
MinimumVisualStudioVersion = 10.0.40219.1
Project("{FAE04EC0-301F-11D3-BF4B-00C04F79EFBC}") = "Cursos", "Cursos\Cursos.csproj", "{6CB8A47B-F991-493E-BA58-673F857B02CE}"
EndProject
Global
	GlobalSection(SolutionConfigurationPlatforms) = preSolution
		Debug|Any CPU = Debug|Any CPU
		Release|Any CPU = Release|Any CPU
	EndGlobalSection
	GlobalSection(ProjectConfigurationPlatforms) = postSolution
		{6CB8A47B-F991-493E-BA58-673F857B02CE}.Debug|Any CPU.ActiveCfg = Debug|Any CPU
		{6CB8A47B-F991-493E-BA58-673F857B02CE}.Debug|Any CPU.Build.0 = Debug|Any CPU
		{6CB8A47B-F991-493E-BA58-673F857B02CE}.Release|Any CPU.ActiveCfg = Release|Any CPU
		{6CB8A47B-F991-493E-BA58-673F857B02CE}.Release|Any CPU.Build.0 = Release|Any CPU
	EndGlobalSection
	GlobalSection(SolutionProperties) = preSolution
		HideSolutionNode = FALSE
	EndGlobalSection
	GlobalSection(ExtensibilityGlobals) = postSolution
		SolutionGuid = {DB8D8A72-7681-48B8-B943-8EA0C76D4529}
	EndGlobalSection
EndGlobal
